
Microsoft Visual Studio Solution File, Format Version 12.00
# Visual Studio Version 17
VisualStudioVersion = 17.14.36705.20
MinimumVisualStudioVersion = 10.0.40219.1
Project("{FAE04EC0-301F-11D3-BF4B-00C04F79EFBC}") = "ECommerceAPI", "ECommece API\ECommerceAPI.csproj", "{37A3D44F-1AE4-40AA-BAF2-F0B5FAD52D0E}"
EndProject
Global
	GlobalSection(SolutionConfigurationPlatforms) = preSolution
		Debug|Any CPU = Debug|Any CPU
		Release|Any CPU = Release|Any CPU
	EndGlobalSection
	GlobalSection(ProjectConfigurationPlatforms) = postSolution
		{37A3D44F-1AE4-40AA-BAF2-F0B5FAD52D0E}.Debug|Any CPU.ActiveCfg = Debug|Any CPU
		{37A3D44F-1AE4-40AA-BAF2-F0B5FAD52D0E}.Debug|Any CPU.Build.0 = Debug|Any CPU
		{37A3D44F-1AE4-40AA-BAF2-F0B5FAD52D0E}.Release|Any CPU.ActiveCfg = Release|Any CPU
		{37A3D44F-1AE4-40AA-BAF2-F0B5FAD52D0E}.Release|Any CPU.Build.0 = Release|Any CPU
	EndGlobalSection
	GlobalSection(SolutionProperties) = preSolution
		HideSolutionNode = FALSE
	EndGlobalSection
	GlobalSection(ExtensibilityGlobals) = postSolution
		SolutionGuid = {B058C450-C53E-4203-8948-30035C3B4FF5}
	EndGlobalSection
EndGlobal
